
Microsoft Visual Studio Solution File, Format Version 12.00
# Visual Studio Version 16
VisualStudioVersion = 16.0.31005.135
MinimumVisualStudioVersion = 10.0.40219.1
Project("{FAE04EC0-301F-11D3-BF4B-00C04F79EFBC}") = "LesConditionsExo1", "LesConditionsExo1.csproj", "{E8366228-6321-4102-9340-06BB77CD6DFF}"
EndProject
Global
	GlobalSection(SolutionConfigurationPlatforms) = preSolution
		Debug|Any CPU = Debug|Any CPU
		Release|Any CPU = Release|Any CPU
	EndGlobalSection
	GlobalSection(ProjectConfigurationPlatforms) = postSolution
		{E8366228-6321-4102-9340-06BB77CD6DFF}.Debug|Any CPU.ActiveCfg = Debug|Any CPU
		{E8366228-6321-4102-9340-06BB77CD6DFF}.Debug|Any CPU.Build.0 = Debug|Any CPU
		{E8366228-6321-4102-9340-06BB77CD6DFF}.Release|Any CPU.ActiveCfg = Release|Any CPU
		{E8366228-6321-4102-9340-06BB77CD6DFF}.Release|Any CPU.Build.0 = Release|Any CPU
	EndGlobalSection
	GlobalSection(SolutionProperties) = preSolution
		HideSolutionNode = FALSE
	EndGlobalSection
	GlobalSection(ExtensibilityGlobals) = postSolution
		SolutionGuid = {3530ADA1-4B26-4A2C-9CC3-8855594B9091}
	EndGlobalSection
EndGlobal
